{
  "name": "13-work-with-video",
  "version": "1.0.0",
  "lockfileVersion": 3,
  "requires": true,
  "packages": {
    "": {
      "name": "13-work-with-video",
      "version": "1.0.0",
      "license": "ISC",
      "dependencies": {
        "@ffmpeg/ffmpeg": "^0.12.6",
        "@ffmpeg/util": "^0.12.1",
        "ffmpeg": "^0.0.4"
      }
    },
    "node_modules/@ffmpeg/ffmpeg": {
      "version": "0.12.6",
      "resolved": "https://registry.npmjs.org/@ffmpeg/ffmpeg/-/ffmpeg-0.12.6.tgz",
      "integrity": "sha512-4CuXDaqrCga5qBwVtiDDR45y65OGPYZd7VzwGCGz3QLdrQH7xaLYEjU19XL4DTCL0WnTSH8752b8Atyb1SiiLw==",
      "dependencies": {
        "@ffmpeg/types": "^0.12.0"
      },
      "engines": {
        "node": ">=18.x"
      }
    },
    "node_modules/@ffmpeg/types": {
      "version": "0.12.1",
      "resolved": "https://registry.npmjs.org/@ffmpeg/types/-/types-0.12.1.tgz",
      "integrity": "sha512-n+v9yvxaBPi1Z/1wy2PvqMHvED3qV7LXBWnBmMBAAzybbs4KWp6wrhCTMxITORMHXpPZEEupsBH1iEoLuzYSUw==",
      "engines": {
        "node": ">=16.x"
      }
    },
    "node_modules/@ffmpeg/util": {
      "version": "0.12.1",
      "resolved": "https://registry.npmjs.org/@ffmpeg/util/-/util-0.12.1.tgz",
      "integrity": "sha512-10jjfAKWaDyb8+nAkijcsi9wgz/y26LOc1NKJradNMyCIl6usQcBbhkjX5qhALrSBcOy6TOeksunTYa+a03qNQ==",
      "engines": {
        "node": ">=18.x"
      }
    },
    "node_modules/ffmpeg": {
      "version": "0.0.4",
      "resolved": "https://registry.npmjs.org/ffmpeg/-/ffmpeg-0.0.4.tgz",
      "integrity": "sha512-3TgWUJJlZGQn+crJFyhsO/oNeRRnGTy6GhgS98oUCIfZrOW5haPPV7DUfOm3xJcHr5q3TJpjk2GudPutrNisRA==",
      "dependencies": {
        "when": ">= 0.0.1"
      }
    },
    "node_modules/when": {
      "version": "3.7.8",
      "resolved": "https://registry.npmjs.org/when/-/when-3.7.8.tgz",
      "integrity": "sha512-5cZ7mecD3eYcMiCH4wtRPA5iFJZ50BJYDfckI5RRpQiktMiYTcn0ccLTZOvcbBume+1304fQztxeNzNS9Gvrnw=="
    }
  }
}
